// !$*UTF8*$!
{
	archiveVersion = 1;
	classes = {
	};
	objectVersion = 46;
	objects = {

/* Begin PBXBuildFile section */
		15EE9BBC30F66626816427A9 /* Pods_MyDorm_BetaTests.framework in Frameworks */ = {isa = PBXBuildFile; fileRef = CC7CCE8E5EAFCB4DE39C7A32 /* Pods_MyDorm_BetaTests.framework */; };
		2842E49D1DD184CA00156A1D /* CalenderVC.swift in Sources */ = {isa = PBXBuildFile; fileRef = 28C725501DB6B0D400EBB9F3 /* CalenderVC.swift */; };
		2842E49F1DD1915500156A1D /* DateTime.swift in Sources */ = {isa = PBXBuildFile; fileRef = 2842E49E1DD1915500156A1D /* DateTime.swift */; };
		2842E4A11DD251E600156A1D /* SelectTimeVC.swift in Sources */ = {isa = PBXBuildFile; fileRef = 2842E4A01DD251E600156A1D /* SelectTimeVC.swift */; };
		2842E4A31DD273A800156A1D /* IndividualPriceDisplayVC.swift in Sources */ = {isa = PBXBuildFile; fileRef = 2842E4A21DD273A800156A1D /* IndividualPriceDisplayVC.swift */; };
		2842E4AB1DDA91E300156A1D /* CASLoginVC.swift in Sources */ = {isa = PBXBuildFile; fileRef = 2842E4AA1DDA91E300156A1D /* CASLoginVC.swift */; };
		2846DFB61E1BA23600BA7863 /* HomeScreenVC.swift in Sources */ = {isa = PBXBuildFile; fileRef = 2846DFB51E1BA23600BA7863 /* HomeScreenVC.swift */; };
		2846DFB81E1C737600BA7863 /* LocationSearchTVC.swift in Sources */ = {isa = PBXBuildFile; fileRef = 2846DFB71E1C737600BA7863 /* LocationSearchTVC.swift */; };
		2866BEE91DCEB92100FF23B2 /* StorageCompany.swift in Sources */ = {isa = PBXBuildFile; fileRef = 2866BEE81DCEB92100FF23B2 /* StorageCompany.swift */; };
		2866BEF11DCFB5BC00FF23B2 /* StorageOptionCell.swift in Sources */ = {isa = PBXBuildFile; fileRef = 2866BEF01DCFB5BC00FF23B2 /* StorageOptionCell.swift */; };
		2866BEF51DCFCC3000FF23B2 /* IndividualPriceCell.swift in Sources */ = {isa = PBXBuildFile; fileRef = 2866BEF41DCFCC3000FF23B2 /* IndividualPriceCell.swift */; };
		2882FCE41DB22BAD001E0786 /* AppDelegate.swift in Sources */ = {isa = PBXBuildFile; fileRef = 2882FCE31DB22BAD001E0786 /* AppDelegate.swift */; };
		2882FCE91DB22BAD001E0786 /* Main.storyboard in Resources */ = {isa = PBXBuildFile; fileRef = 2882FCE71DB22BAD001E0786 /* Main.storyboard */; };
		2882FCEC1DB22BAD001E0786 /* MyDorm_Beta.xcdatamodeld in Sources */ = {isa = PBXBuildFile; fileRef = 2882FCEA1DB22BAD001E0786 /* MyDorm_Beta.xcdatamodeld */; };
		2882FCEE1DB22BAD001E0786 /* Assets.xcassets in Resources */ = {isa = PBXBuildFile; fileRef = 2882FCED1DB22BAD001E0786 /* Assets.xcassets */; };
		2882FCF11DB22BAD001E0786 /* LaunchScreen.storyboard in Resources */ = {isa = PBXBuildFile; fileRef = 2882FCEF1DB22BAD001E0786 /* LaunchScreen.storyboard */; };
		2882FCFC1DB22BAD001E0786 /* MyDorm_BetaTests.swift in Sources */ = {isa = PBXBuildFile; fileRef = 2882FCFB1DB22BAD001E0786 /* MyDorm_BetaTests.swift */; };
		2882FD071DB22BAD001E0786 /* MyDorm_BetaUITests.swift in Sources */ = {isa = PBXBuildFile; fileRef = 2882FD061DB22BAD001E0786 /* MyDorm_BetaUITests.swift */; };
		288E83141DEBEAB8001BB607 /* GoogleService-Info.plist in Resources */ = {isa = PBXBuildFile; fileRef = 288E83131DEBEAB8001BB607 /* GoogleService-Info.plist */; };
		288E83161DED6331001BB607 /* RoundedImage.swift in Sources */ = {isa = PBXBuildFile; fileRef = 288E83151DED6331001BB607 /* RoundedImage.swift */; };
		28A3C07B1E1DB529003D3223 /* MessageChannelVC.swift in Sources */ = {isa = PBXBuildFile; fileRef = 28A3C07A1E1DB529003D3223 /* MessageChannelVC.swift */; };
		28A5A13D1DCA6EE2001060B1 /* ObjectListVC.swift in Sources */ = {isa = PBXBuildFile; fileRef = 28A5A13C1DCA6EE2001060B1 /* ObjectListVC.swift */; };
		28C725511DB6B0D400EBB9F3 /* CalenderVC.swift in Sources */ = {isa = PBXBuildFile; fileRef = 28C725501DB6B0D400EBB9F3 /* CalenderVC.swift */; };
		28C725551DB6BE0600EBB9F3 /* MovingDataInputVC.swift in Sources */ = {isa = PBXBuildFile; fileRef = 28C725541DB6BE0600EBB9F3 /* MovingDataInputVC.swift */; };
		28C725571DB6C29600EBB9F3 /* StorableObject.swift in Sources */ = {isa = PBXBuildFile; fileRef = 28C725561DB6C29600EBB9F3 /* StorableObject.swift */; };
		28C7255B1DB6CAD000EBB9F3 /* SuggestionCell.swift in Sources */ = {isa = PBXBuildFile; fileRef = 28C7255A1DB6CAD000EBB9F3 /* SuggestionCell.swift */; };
		28C7255F1DB709C600EBB9F3 /* Order.swift in Sources */ = {isa = PBXBuildFile; fileRef = 28C7255E1DB709C600EBB9F3 /* Order.swift */; };
		28C725611DB70B0200EBB9F3 /* User.swift in Sources */ = {isa = PBXBuildFile; fileRef = 28C725601DB70B0200EBB9F3 /* User.swift */; };
		28C725661DB7129000EBB9F3 /* RoundedButton.swift in Sources */ = {isa = PBXBuildFile; fileRef = 28C725651DB7129000EBB9F3 /* RoundedButton.swift */; };
		28C725B41DBC98FD00EBB9F3 /* DataService.swift in Sources */ = {isa = PBXBuildFile; fileRef = 28C725B31DBC98FD00EBB9F3 /* DataService.swift */; };
		28C725B61DBCA14100EBB9F3 /* Constants.swift in Sources */ = {isa = PBXBuildFile; fileRef = 28C725B51DBCA14100EBB9F3 /* Constants.swift */; };
		28C725B81DBCA24400EBB9F3 /* SignUpVC.swift in Sources */ = {isa = PBXBuildFile; fileRef = 28C725B71DBCA24400EBB9F3 /* SignUpVC.swift */; };
		28D0D0BB1DCA9AF3008E909F /* PriceDisplayVC.swift in Sources */ = {isa = PBXBuildFile; fileRef = 28D0D0BA1DCA9AF3008E909F /* PriceDisplayVC.swift */; };
		28D0D0BD1DCA9D43008E909F /* Bibliography in Resources */ = {isa = PBXBuildFile; fileRef = 28D0D0BC1DCA9D43008E909F /* Bibliography */; };
		28D0D0C31DCB00C7008E909F /* SelectedObjectCell.swift in Sources */ = {isa = PBXBuildFile; fileRef = 28D0D0C21DCB00C7008E909F /* SelectedObjectCell.swift */; };
		28D77C601E090E6C0086D5D5 /* PreviewListingVC.swift in Sources */ = {isa = PBXBuildFile; fileRef = 28D77C5F1E090E6C0086D5D5 /* PreviewListingVC.swift */; };
		28E07E681E1A523C00AB20DB /* Possible Reintroduction Code in Resources */ = {isa = PBXBuildFile; fileRef = 28E07E671E1A523C00AB20DB /* Possible Reintroduction Code */; };
		28F0FC861DFA5630007F7993 /* MaterialView.swift in Sources */ = {isa = PBXBuildFile; fileRef = 28F0FC851DFA5630007F7993 /* MaterialView.swift */; };
		28F0FC881DFB39E5007F7993 /* LocationSelectionVC.swift in Sources */ = {isa = PBXBuildFile; fileRef = 28F0FC871DFB39E5007F7993 /* LocationSelectionVC.swift */; };
		28F0FC8A1DFB562B007F7993 /* StandardFormCell.swift in Sources */ = {isa = PBXBuildFile; fileRef = 28F0FC891DFB562B007F7993 /* StandardFormCell.swift */; };
		28F0FC901DFC86FD007F7993 /* UIExtensions.swift in Sources */ = {isa = PBXBuildFile; fileRef = 28F0FC8F1DFC86FD007F7993 /* UIExtensions.swift */; };
		28F0FC9A1DFCB5E5007F7993 /* SellerBasicInfoVC.swift in Sources */ = {isa = PBXBuildFile; fileRef = 28F0FC991DFCB5E5007F7993 /* SellerBasicInfoVC.swift */; };
		28F0FC9C1DFCD14F007F7993 /* SellerAdditionalDetailsVC.swift in Sources */ = {isa = PBXBuildFile; fileRef = 28F0FC9B1DFCD14F007F7993 /* SellerAdditionalDetailsVC.swift */; };
		28F0FC9E1DFCD1EF007F7993 /* Listing.swift in Sources */ = {isa = PBXBuildFile; fileRef = 28F0FC9D1DFCD1EF007F7993 /* Listing.swift */; };
		28F0FCA01DFE4396007F7993 /* AddressSearchVC.swift in Sources */ = {isa = PBXBuildFile; fileRef = 28F0FC9F1DFE4396007F7993 /* AddressSearchVC.swift */; };
		28F0FCA51DFE4CD1007F7993 /* StandardTextCell.swift in Sources */ = {isa = PBXBuildFile; fileRef = 28F0FCA41DFE4CD1007F7993 /* StandardTextCell.swift */; };
		89257E6A1991CA9C8D8B6C30 /* Pods_MyDorm_Beta.framework in Frameworks */ = {isa = PBXBuildFile; fileRef = 60EFF7AC9352D33D88879564 /* Pods_MyDorm_Beta.framework */; };
		8FC269D1D4AD8F54DEA92CAF /* Pods_MyDorm_BetaUITests.framework in Frameworks */ = {isa = PBXBuildFile; fileRef = 7E28E847BF8407B61F847AFB /* Pods_MyDorm_BetaUITests.framework */; };
/* End PBXBuildFile section */

/* Begin PBXContainerItemProxy section */
		2882FCF81DB22BAD001E0786 /* PBXContainerItemProxy */ = {
			isa = PBXContainerItemProxy;
			containerPortal = 2882FCD81DB22BAD001E0786 /* Project object */;
			proxyType = 1;
			remoteGlobalIDString = 2882FCDF1DB22BAD001E0786;
			remoteInfo = "MyDorm-Beta";
		};
		2882FD031DB22BAD001E0786 /* PBXContainerItemProxy */ = {
			isa = PBXContainerItemProxy;
			containerPortal = 2882FCD81DB22BAD001E0786 /* Project object */;
			proxyType = 1;
			remoteGlobalIDString = 2882FCDF1DB22BAD001E0786;
			remoteInfo = "MyDorm-Beta";
		};
/* End PBXContainerItemProxy section */

/* Begin PBXFileReference section */
		2842E49E1DD1915500156A1D /* DateTime.swift */ = {isa = PBXFileReference; fileEncoding = 4; lastKnownFileType = sourcecode.swift; path = DateTime.swift; sourceTree = "<group>"; };
		2842E4A01DD251E600156A1D /* SelectTimeVC.swift */ = {isa = PBXFileReference; fileEncoding = 4; lastKnownFileType = sourcecode.swift; path = SelectTimeVC.swift; sourceTree = "<group>"; };
		2842E4A21DD273A800156A1D /* IndividualPriceDisplayVC.swift */ = {isa = PBXFileReference; fileEncoding = 4; lastKnownFileType = sourcecode.swift; path = IndividualPriceDisplayVC.swift; sourceTree = "<group>"; };
		2842E4AA1DDA91E300156A1D /* CASLoginVC.swift */ = {isa = PBXFileReference; fileEncoding = 4; lastKnownFileType = sourcecode.swift; name = CASLoginVC.swift; path = ../CASLoginVC.swift; sourceTree = "<group>"; };
		2846DFB51E1BA23600BA7863 /* HomeScreenVC.swift */ = {isa = PBXFileReference; fileEncoding = 4; lastKnownFileType = sourcecode.swift; path = HomeScreenVC.swift; sourceTree = "<group>"; };
		2846DFB71E1C737600BA7863 /* LocationSearchTVC.swift */ = {isa = PBXFileReference; fileEncoding = 4; lastKnownFileType = sourcecode.swift; path = LocationSearchTVC.swift; sourceTree = "<group>"; };
		2866BEE81DCEB92100FF23B2 /* StorageCompany.swift */ = {isa = PBXFileReference; fileEncoding = 4; lastKnownFileType = sourcecode.swift; path = StorageCompany.swift; sourceTree = "<group>"; };
		2866BEEC1DCF02A200FF23B2 /* MyDorm-Beta.entitlements */ = {isa = PBXFileReference; lastKnownFileType = text.plist.entitlements; path = "MyDorm-Beta.entitlements"; sourceTree = "<group>"; };
		2866BEF01DCFB5BC00FF23B2 /* StorageOptionCell.swift */ = {isa = PBXFileReference; fileEncoding = 4; lastKnownFileType = sourcecode.swift; path = StorageOptionCell.swift; sourceTree = "<group>"; };
		2866BEF41DCFCC3000FF23B2 /* IndividualPriceCell.swift */ = {isa = PBXFileReference; fileEncoding = 4; lastKnownFileType = sourcecode.swift; path = IndividualPriceCell.swift; sourceTree = "<group>"; };
		2882FCE01DB22BAD001E0786 /* MyDorm-Beta.app */ = {isa = PBXFileReference; explicitFileType = wrapper.application; includeInIndex = 0; path = "MyDorm-Beta.app"; sourceTree = BUILT_PRODUCTS_DIR; };
		2882FCE31DB22BAD001E0786 /* AppDelegate.swift */ = {isa = PBXFileReference; lastKnownFileType = sourcecode.swift; path = AppDelegate.swift; sourceTree = "<group>"; };
		2882FCE81DB22BAD001E0786 /* Base */ = {isa = PBXFileReference; lastKnownFileType = file.storyboard; name = Base; path = Base.lproj/Main.storyboard; sourceTree = "<group>"; };
		2882FCEB1DB22BAD001E0786 /* MyDorm_Beta.xcdatamodel */ = {isa = PBXFileReference; lastKnownFileType = wrapper.xcdatamodel; path = MyDorm_Beta.xcdatamodel; sourceTree = "<group>"; };
		2882FCED1DB22BAD001E0786 /* Assets.xcassets */ = {isa = PBXFileReference; lastKnownFileType = folder.assetcatalog; path = Assets.xcassets; sourceTree = "<group>"; };
		2882FCF01DB22BAD001E0786 /* Base */ = {isa = PBXFileReference; lastKnownFileType = file.storyboard; name = Base; path = Base.lproj/LaunchScreen.storyboard; sourceTree = "<group>"; };
		2882FCF21DB22BAD001E0786 /* Info.plist */ = {isa = PBXFileReference; lastKnownFileType = text.plist.xml; path = Info.plist; sourceTree = "<group>"; };
		2882FCF71DB22BAD001E0786 /* MyDorm-BetaTests.xctest */ = {isa = PBXFileReference; explicitFileType = wrapper.cfbundle; includeInIndex = 0; path = "MyDorm-BetaTests.xctest"; sourceTree = BUILT_PRODUCTS_DIR; };
		2882FCFB1DB22BAD001E0786 /* MyDorm_BetaTests.swift */ = {isa = PBXFileReference; lastKnownFileType = sourcecode.swift; path = MyDorm_BetaTests.swift; sourceTree = "<group>"; };
		2882FCFD1DB22BAD001E0786 /* Info.plist */ = {isa = PBXFileReference; lastKnownFileType = text.plist.xml; path = Info.plist; sourceTree = "<group>"; };
		2882FD021DB22BAD001E0786 /* MyDorm-BetaUITests.xctest */ = {isa = PBXFileReference; explicitFileType = wrapper.cfbundle; includeInIndex = 0; path = "MyDorm-BetaUITests.xctest"; sourceTree = BUILT_PRODUCTS_DIR; };
		2882FD061DB22BAD001E0786 /* MyDorm_BetaUITests.swift */ = {isa = PBXFileReference; lastKnownFileType = sourcecode.swift; path = MyDorm_BetaUITests.swift; sourceTree = "<group>"; };
		2882FD081DB22BAD001E0786 /* Info.plist */ = {isa = PBXFileReference; lastKnownFileType = text.plist.xml; path = Info.plist; sourceTree = "<group>"; };
		288E83131DEBEAB8001BB607 /* GoogleService-Info.plist */ = {isa = PBXFileReference; fileEncoding = 4; lastKnownFileType = text.plist.xml; path = "GoogleService-Info.plist"; sourceTree = "<group>"; };
		288E83151DED6331001BB607 /* RoundedImage.swift */ = {isa = PBXFileReference; fileEncoding = 4; lastKnownFileType = sourcecode.swift; path = RoundedImage.swift; sourceTree = "<group>"; };
		28A3C07A1E1DB529003D3223 /* MessageChannelVC.swift */ = {isa = PBXFileReference; fileEncoding = 4; lastKnownFileType = sourcecode.swift; path = MessageChannelVC.swift; sourceTree = "<group>"; };
		28A5A13C1DCA6EE2001060B1 /* ObjectListVC.swift */ = {isa = PBXFileReference; fileEncoding = 4; lastKnownFileType = sourcecode.swift; path = ObjectListVC.swift; sourceTree = "<group>"; };
		28C725501DB6B0D400EBB9F3 /* CalenderVC.swift */ = {isa = PBXFileReference; fileEncoding = 4; lastKnownFileType = sourcecode.swift; path = CalenderVC.swift; sourceTree = "<group>"; };
		28C725541DB6BE0600EBB9F3 /* MovingDataInputVC.swift */ = {isa = PBXFileReference; fileEncoding = 4; lastKnownFileType = sourcecode.swift; path = MovingDataInputVC.swift; sourceTree = "<group>"; };
		28C725561DB6C29600EBB9F3 /* StorableObject.swift */ = {isa = PBXFileReference; fileEncoding = 4; lastKnownFileType = sourcecode.swift; path = StorableObject.swift; sourceTree = "<group>"; };
		28C7255A1DB6CAD000EBB9F3 /* SuggestionCell.swift */ = {isa = PBXFileReference; fileEncoding = 4; lastKnownFileType = sourcecode.swift; path = SuggestionCell.swift; sourceTree = "<group>"; };
		28C7255E1DB709C600EBB9F3 /* Order.swift */ = {isa = PBXFileReference; fileEncoding = 4; lastKnownFileType = sourcecode.swift; path = Order.swift; sourceTree = "<group>"; };
		28C725601DB70B0200EBB9F3 /* User.swift */ = {isa = PBXFileReference; fileEncoding = 4; lastKnownFileType = sourcecode.swift; path = User.swift; sourceTree = "<group>"; };
		28C725651DB7129000EBB9F3 /* RoundedButton.swift */ = {isa = PBXFileReference; fileEncoding = 4; lastKnownFileType = sourcecode.swift; path = RoundedButton.swift; sourceTree = "<group>"; };
		28C725B31DBC98FD00EBB9F3 /* DataService.swift */ = {isa = PBXFileReference; fileEncoding = 4; lastKnownFileType = sourcecode.swift; path = DataService.swift; sourceTree = "<group>"; };
		28C725B51DBCA14100EBB9F3 /* Constants.swift */ = {isa = PBXFileReference; fileEncoding = 4; lastKnownFileType = sourcecode.swift; path = Constants.swift; sourceTree = "<group>"; };
		28C725B71DBCA24400EBB9F3 /* SignUpVC.swift */ = {isa = PBXFileReference; fileEncoding = 4; lastKnownFileType = sourcecode.swift; path = SignUpVC.swift; sourceTree = "<group>"; };
		28D0D0BA1DCA9AF3008E909F /* PriceDisplayVC.swift */ = {isa = PBXFileReference; fileEncoding = 4; lastKnownFileType = sourcecode.swift; path = PriceDisplayVC.swift; sourceTree = "<group>"; };
		28D0D0BC1DCA9D43008E909F /* Bibliography */ = {isa = PBXFileReference; fileEncoding = 4; lastKnownFileType = text; path = Bibliography; sourceTree = "<group>"; };
		28D0D0C21DCB00C7008E909F /* SelectedObjectCell.swift */ = {isa = PBXFileReference; fileEncoding = 4; lastKnownFileType = sourcecode.swift; path = SelectedObjectCell.swift; sourceTree = "<group>"; };
		28D77C5F1E090E6C0086D5D5 /* PreviewListingVC.swift */ = {isa = PBXFileReference; fileEncoding = 4; lastKnownFileType = sourcecode.swift; path = PreviewListingVC.swift; sourceTree = "<group>"; };
		28E07E671E1A523C00AB20DB /* Possible Reintroduction Code */ = {isa = PBXFileReference; fileEncoding = 4; lastKnownFileType = text; path = "Possible Reintroduction Code"; sourceTree = "<group>"; };
		28F0FC851DFA5630007F7993 /* MaterialView.swift */ = {isa = PBXFileReference; fileEncoding = 4; lastKnownFileType = sourcecode.swift; path = MaterialView.swift; sourceTree = "<group>"; };
		28F0FC871DFB39E5007F7993 /* LocationSelectionVC.swift */ = {isa = PBXFileReference; fileEncoding = 4; lastKnownFileType = sourcecode.swift; path = LocationSelectionVC.swift; sourceTree = "<group>"; };
		28F0FC891DFB562B007F7993 /* StandardFormCell.swift */ = {isa = PBXFileReference; fileEncoding = 4; lastKnownFileType = sourcecode.swift; path = StandardFormCell.swift; sourceTree = "<group>"; };
		28F0FC8F1DFC86FD007F7993 /* UIExtensions.swift */ = {isa = PBXFileReference; fileEncoding = 4; lastKnownFileType = sourcecode.swift; path = UIExtensions.swift; sourceTree = "<group>"; };
		28F0FC991DFCB5E5007F7993 /* SellerBasicInfoVC.swift */ = {isa = PBXFileReference; fileEncoding = 4; lastKnownFileType = sourcecode.swift; path = SellerBasicInfoVC.swift; sourceTree = "<group>"; };
		28F0FC9B1DFCD14F007F7993 /* SellerAdditionalDetailsVC.swift */ = {isa = PBXFileReference; fileEncoding = 4; lastKnownFileType = sourcecode.swift; path = SellerAdditionalDetailsVC.swift; sourceTree = "<group>"; };
		28F0FC9D1DFCD1EF007F7993 /* Listing.swift */ = {isa = PBXFileReference; fileEncoding = 4; lastKnownFileType = sourcecode.swift; path = Listing.swift; sourceTree = "<group>"; };
		28F0FC9F1DFE4396007F7993 /* AddressSearchVC.swift */ = {isa = PBXFileReference; fileEncoding = 4; lastKnownFileType = sourcecode.swift; path = AddressSearchVC.swift; sourceTree = "<group>"; };
		28F0FCA41DFE4CD1007F7993 /* StandardTextCell.swift */ = {isa = PBXFileReference; fileEncoding = 4; lastKnownFileType = sourcecode.swift; path = StandardTextCell.swift; sourceTree = "<group>"; };
		2C95D88456841E217FE7D49D /* Pods-MyDorm-BetaUITests.debug.xcconfig */ = {isa = PBXFileReference; includeInIndex = 1; lastKnownFileType = text.xcconfig; name = "Pods-MyDorm-BetaUITests.debug.xcconfig"; path = "Pods/Target Support Files/Pods-MyDorm-BetaUITests/Pods-MyDorm-BetaUITests.debug.xcconfig"; sourceTree = "<group>"; };
		49F62F552708ED1955D89A73 /* Pods-MyDorm-Beta.debug.xcconfig */ = {isa = PBXFileReference; includeInIndex = 1; lastKnownFileType = text.xcconfig; name = "Pods-MyDorm-Beta.debug.xcconfig"; path = "Pods/Target Support Files/Pods-MyDorm-Beta/Pods-MyDorm-Beta.debug.xcconfig"; sourceTree = "<group>"; };
		60EFF7AC9352D33D88879564 /* Pods_MyDorm_Beta.framework */ = {isa = PBXFileReference; explicitFileType = wrapper.framework; includeInIndex = 0; path = Pods_MyDorm_Beta.framework; sourceTree = BUILT_PRODUCTS_DIR; };
		686E213B3FB455851AE85874 /* Pods-MyDorm-BetaTests.release.xcconfig */ = {isa = PBXFileReference; includeInIndex = 1; lastKnownFileType = text.xcconfig; name = "Pods-MyDorm-BetaTests.release.xcconfig"; path = "Pods/Target Support Files/Pods-MyDorm-BetaTests/Pods-MyDorm-BetaTests.release.xcconfig"; sourceTree = "<group>"; };
		7ACFF18EF3501F502E690512 /* Pods-MyDorm-Beta.release.xcconfig */ = {isa = PBXFileReference; includeInIndex = 1; lastKnownFileType = text.xcconfig; name = "Pods-MyDorm-Beta.release.xcconfig"; path = "Pods/Target Support Files/Pods-MyDorm-Beta/Pods-MyDorm-Beta.release.xcconfig"; sourceTree = "<group>"; };
		7E28E847BF8407B61F847AFB /* Pods_MyDorm_BetaUITests.framework */ = {isa = PBXFileReference; explicitFileType = wrapper.framework; includeInIndex = 0; path = Pods_MyDorm_BetaUITests.framework; sourceTree = BUILT_PRODUCTS_DIR; };
		8A047DA66C1E29D8CA8B6694 /* Pods-MyDorm-BetaUITests.release.xcconfig */ = {isa = PBXFileReference; includeInIndex = 1; lastKnownFileType = text.xcconfig; name = "Pods-MyDorm-BetaUITests.release.xcconfig"; path = "Pods/Target Support Files/Pods-MyDorm-BetaUITests/Pods-MyDorm-BetaUITests.release.xcconfig"; sourceTree = "<group>"; };
		CC7CCE8E5EAFCB4DE39C7A32 /* Pods_MyDorm_BetaTests.framework */ = {isa = PBXFileReference; explicitFileType = wrapper.framework; includeInIndex = 0; path = Pods_MyDorm_BetaTests.framework; sourceTree = BUILT_PRODUCTS_DIR; };
		E5C53D10771AFF1758210413 /* Pods-MyDorm-BetaTests.debug.xcconfig */ = {isa = PBXFileReference; includeInIndex = 1; lastKnownFileType = text.xcconfig; name = "Pods-MyDorm-BetaTests.debug.xcconfig"; path = "Pods/Target Support Files/Pods-MyDorm-BetaTests/Pods-MyDorm-BetaTests.debug.xcconfig"; sourceTree = "<group>"; };
/* End PBXFileReference section */

/* Begin PBXFrameworksBuildPhase section */
		2882FCDD1DB22BAD001E0786 /* Frameworks */ = {
			isa = PBXFrameworksBuildPhase;
			buildActionMask = 2147483647;
			files = (
				89257E6A1991CA9C8D8B6C30 /* Pods_MyDorm_Beta.framework in Frameworks */,
			);
			runOnlyForDeploymentPostprocessing = 0;
		};
		2882FCF41DB22BAD001E0786 /* Frameworks */ = {
			isa = PBXFrameworksBuildPhase;
			buildActionMask = 2147483647;
			files = (
				15EE9BBC30F66626816427A9 /* Pods_MyDorm_BetaTests.framework in Frameworks */,
			);
			runOnlyForDeploymentPostprocessing = 0;
		};
		2882FCFF1DB22BAD001E0786 /* Frameworks */ = {
			isa = PBXFrameworksBuildPhase;
			buildActionMask = 2147483647;
			files = (
				8FC269D1D4AD8F54DEA92CAF /* Pods_MyDorm_BetaUITests.framework in Frameworks */,
			);
			runOnlyForDeploymentPostprocessing = 0;
		};
/* End PBXFrameworksBuildPhase section */

/* Begin PBXGroup section */
		2866BEED1DCF0E1200FF23B2 /* Material */ = {
			isa = PBXGroup;
			children = (
				28C725651DB7129000EBB9F3 /* RoundedButton.swift */,
				288E83151DED6331001BB607 /* RoundedImage.swift */,
				28F0FC8F1DFC86FD007F7993 /* UIExtensions.swift */,
				28F0FC961DFC908F007F7993 /* Views */,
			);
			name = Material;
			sourceTree = "<group>";
		};
		2882FCD71DB22BAD001E0786 = {
			isa = PBXGroup;
			children = (
				2882FCE21DB22BAD001E0786 /* MyDorm-Beta */,
				2882FCFA1DB22BAD001E0786 /* MyDorm-BetaTests */,
				2882FD051DB22BAD001E0786 /* MyDorm-BetaUITests */,
				2882FCE11DB22BAD001E0786 /* Products */,
				ABD6390F24893ED28A151EBE /* Pods */,
				A793F68D46A67F0B8FA1B09B /* Frameworks */,
			);
			sourceTree = "<group>";
		};
		2882FCE11DB22BAD001E0786 /* Products */ = {
			isa = PBXGroup;
			children = (
				2882FCE01DB22BAD001E0786 /* MyDorm-Beta.app */,
				2882FCF71DB22BAD001E0786 /* MyDorm-BetaTests.xctest */,
				2882FD021DB22BAD001E0786 /* MyDorm-BetaUITests.xctest */,
			);
			name = Products;
			sourceTree = "<group>";
		};
		2882FCE21DB22BAD001E0786 /* MyDorm-Beta */ = {
			isa = PBXGroup;
			children = (
				2866BEEC1DCF02A200FF23B2 /* MyDorm-Beta.entitlements */,
				2882FCE31DB22BAD001E0786 /* AppDelegate.swift */,
				28C725B31DBC98FD00EBB9F3 /* DataService.swift */,
				28C725601DB70B0200EBB9F3 /* User.swift */,
				28C725B51DBCA14100EBB9F3 /* Constants.swift */,
				28C725621DB70B0A00EBB9F3 /* Modal  */,
				28C725631DB70B0A00EBB9F3 /* View */,
				28C725641DB70B0B00EBB9F3 /* Controller */,
				2866BEED1DCF0E1200FF23B2 /* Material */,
				2882FCED1DB22BAD001E0786 /* Assets.xcassets */,
				2882FCEF1DB22BAD001E0786 /* LaunchScreen.storyboard */,
				288E83131DEBEAB8001BB607 /* GoogleService-Info.plist */,
				2882FCF21DB22BAD001E0786 /* Info.plist */,
				28E07E671E1A523C00AB20DB /* Possible Reintroduction Code */,
				2882FCEA1DB22BAD001E0786 /* MyDorm_Beta.xcdatamodeld */,
				28D0D0BC1DCA9D43008E909F /* Bibliography */,
			);
			path = "MyDorm-Beta";
			sourceTree = "<group>";
		};
		2882FCFA1DB22BAD001E0786 /* MyDorm-BetaTests */ = {
			isa = PBXGroup;
			children = (
				2882FCFB1DB22BAD001E0786 /* MyDorm_BetaTests.swift */,
				2882FCFD1DB22BAD001E0786 /* Info.plist */,
			);
			path = "MyDorm-BetaTests";
			sourceTree = "<group>";
		};
		2882FD051DB22BAD001E0786 /* MyDorm-BetaUITests */ = {
			isa = PBXGroup;
			children = (
				2882FD061DB22BAD001E0786 /* MyDorm_BetaUITests.swift */,
				2882FD081DB22BAD001E0786 /* Info.plist */,
			);
			path = "MyDorm-BetaUITests";
			sourceTree = "<group>";
		};
		28A3C0791E1DB4F5003D3223 /* Messaging  */ = {
			isa = PBXGroup;
			children = (
				28A3C07A1E1DB529003D3223 /* MessageChannelVC.swift */,
			);
			name = "Messaging ";
			sourceTree = "<group>";
		};
		28C725621DB70B0A00EBB9F3 /* Modal  */ = {
			isa = PBXGroup;
			children = (
				28C7255E1DB709C600EBB9F3 /* Order.swift */,
				28F0FC9D1DFCD1EF007F7993 /* Listing.swift */,
				2842E49E1DD1915500156A1D /* DateTime.swift */,
				2866BEE81DCEB92100FF23B2 /* StorageCompany.swift */,
				28C725561DB6C29600EBB9F3 /* StorableObject.swift */,
			);
			name = "Modal ";
			sourceTree = "<group>";
		};
		28C725631DB70B0A00EBB9F3 /* View */ = {
			isa = PBXGroup;
			children = (
				2882FCE71DB22BAD001E0786 /* Main.storyboard */,
				28F0FCA11DFE4BF7007F7993 /* Cells */,
			);
			name = View;
			sourceTree = "<group>";
		};
		28C725641DB70B0B00EBB9F3 /* Controller */ = {
			isa = PBXGroup;
			children = (
				2846DFB51E1BA23600BA7863 /* HomeScreenVC.swift */,
				28C725B71DBCA24400EBB9F3 /* SignUpVC.swift */,
				2842E4AA1DDA91E300156A1D /* CASLoginVC.swift */,
				28F0FC951DFC89EF007F7993 /* DelegatedTasksVCs */,
				28F0FC931DFC89B3007F7993 /* SellerVCs */,
				28F0FC941DFC89C5007F7993 /* BuyerVCs */,
				28A3C0791E1DB4F5003D3223 /* Messaging  */,
			);
			name = Controller;
			sourceTree = "<group>";
		};
		28F0FC931DFC89B3007F7993 /* SellerVCs */ = {
			isa = PBXGroup;
			children = (
				28F0FC871DFB39E5007F7993 /* LocationSelectionVC.swift */,
				2846DFB71E1C737600BA7863 /* LocationSearchTVC.swift */,
				28F0FC991DFCB5E5007F7993 /* SellerBasicInfoVC.swift */,
				28F0FC9F1DFE4396007F7993 /* AddressSearchVC.swift */,
				28D77C5F1E090E6C0086D5D5 /* PreviewListingVC.swift */,
				28F0FC9B1DFCD14F007F7993 /* SellerAdditionalDetailsVC.swift */,
			);
			name = SellerVCs;
			sourceTree = "<group>";
		};
		28F0FC941DFC89C5007F7993 /* BuyerVCs */ = {
			isa = PBXGroup;
			children = (
				28C725541DB6BE0600EBB9F3 /* MovingDataInputVC.swift */,
				28D0D0BA1DCA9AF3008E909F /* PriceDisplayVC.swift */,
				2842E4A21DD273A800156A1D /* IndividualPriceDisplayVC.swift */,
				28A5A13C1DCA6EE2001060B1 /* ObjectListVC.swift */,
			);
			name = BuyerVCs;
			sourceTree = "<group>";
		};
		28F0FC951DFC89EF007F7993 /* DelegatedTasksVCs */ = {
			isa = PBXGroup;
			children = (
				28C725501DB6B0D400EBB9F3 /* CalenderVC.swift */,
				2842E4A01DD251E600156A1D /* SelectTimeVC.swift */,
			);
			name = DelegatedTasksVCs;
			sourceTree = "<group>";
		};
		28F0FC961DFC908F007F7993 /* Views */ = {
			isa = PBXGroup;
			children = (
				28F0FC851DFA5630007F7993 /* MaterialView.swift */,
				28F0FC891DFB562B007F7993 /* StandardFormCell.swift */,
			);
			name = Views;
			sourceTree = "<group>";
		};
		28F0FCA11DFE4BF7007F7993 /* Cells */ = {
			isa = PBXGroup;
			children = (
				28F0FCA41DFE4CD1007F7993 /* StandardTextCell.swift */,
				28D0D0C21DCB00C7008E909F /* SelectedObjectCell.swift */,
				2866BEF01DCFB5BC00FF23B2 /* StorageOptionCell.swift */,
				2866BEF41DCFCC3000FF23B2 /* IndividualPriceCell.swift */,
				28C7255A1DB6CAD000EBB9F3 /* SuggestionCell.swift */,
			);
			name = Cells;
			sourceTree = "<group>";
		};
		A793F68D46A67F0B8FA1B09B /* Frameworks */ = {
			isa = PBXGroup;
			children = (
				60EFF7AC9352D33D88879564 /* Pods_MyDorm_Beta.framework */,
				CC7CCE8E5EAFCB4DE39C7A32 /* Pods_MyDorm_BetaTests.framework */,
				7E28E847BF8407B61F847AFB /* Pods_MyDorm_BetaUITests.framework */,
			);
			name = Frameworks;
			sourceTree = "<group>";
		};
		ABD6390F24893ED28A151EBE /* Pods */ = {
			isa = PBXGroup;
			children = (
				49F62F552708ED1955D89A73 /* Pods-MyDorm-Beta.debug.xcconfig */,
				7ACFF18EF3501F502E690512 /* Pods-MyDorm-Beta.release.xcconfig */,
				E5C53D10771AFF1758210413 /* Pods-MyDorm-BetaTests.debug.xcconfig */,
				686E213B3FB455851AE85874 /* Pods-MyDorm-BetaTests.release.xcconfig */,
				2C95D88456841E217FE7D49D /* Pods-MyDorm-BetaUITests.debug.xcconfig */,
				8A047DA66C1E29D8CA8B6694 /* Pods-MyDorm-BetaUITests.release.xcconfig */,
			);
			name = Pods;
			sourceTree = "<group>";
		};
/* End PBXGroup section */

/* Begin PBXNativeTarget section */
		2882FCDF1DB22BAD001E0786 /* MyDorm-Beta */ = {
			isa = PBXNativeTarget;
			buildConfigurationList = 2882FD0B1DB22BAD001E0786 /* Build configuration list for PBXNativeTarget "MyDorm-Beta" */;
			buildPhases = (
				6A3CDC0489EC634850694AD5 /* [CP] Check Pods Manifest.lock */,
				2882FCDC1DB22BAD001E0786 /* Sources */,
				2882FCDD1DB22BAD001E0786 /* Frameworks */,
				2882FCDE1DB22BAD001E0786 /* Resources */,
				C28496FF20D99FD59E42E687 /* [CP] Embed Pods Frameworks */,
				B2897E6485190FA50E628A55 /* [CP] Copy Pods Resources */,
			);
			buildRules = (
			);
			dependencies = (
			);
			name = "MyDorm-Beta";
			productName = "MyDorm-Beta";
			productReference = 2882FCE01DB22BAD001E0786 /* MyDorm-Beta.app */;
			productType = "com.apple.product-type.application";
		};
		2882FCF61DB22BAD001E0786 /* MyDorm-BetaTests */ = {
			isa = PBXNativeTarget;
			buildConfigurationList = 2882FD0E1DB22BAD001E0786 /* Build configuration list for PBXNativeTarget "MyDorm-BetaTests" */;
			buildPhases = (
				D5F77C282D599F5726827366 /* [CP] Check Pods Manifest.lock */,
				2882FCF31DB22BAD001E0786 /* Sources */,
				2882FCF41DB22BAD001E0786 /* Frameworks */,
				2882FCF51DB22BAD001E0786 /* Resources */,
				819A670FA715CCF93DAA46AA /* [CP] Embed Pods Frameworks */,
				8EDFFA2FBEB6FC0859A8CEAF /* [CP] Copy Pods Resources */,
			);
			buildRules = (
			);
			dependencies = (
				2882FCF91DB22BAD001E0786 /* PBXTargetDependency */,
			);
			name = "MyDorm-BetaTests";
			productName = "MyDorm-BetaTests";
			productReference = 2882FCF71DB22BAD001E0786 /* MyDorm-BetaTests.xctest */;
			productType = "com.apple.product-type.bundle.unit-test";
		};
		2882FD011DB22BAD001E0786 /* MyDorm-BetaUITests */ = {
			isa = PBXNativeTarget;
			buildConfigurationList = 2882FD111DB22BAD001E0786 /* Build configuration list for PBXNativeTarget "MyDorm-BetaUITests" */;
			buildPhases = (
				3CA765BF7008B3BBFD2AE74F /* [CP] Check Pods Manifest.lock */,
				2882FCFE1DB22BAD001E0786 /* Sources */,
				2882FCFF1DB22BAD001E0786 /* Frameworks */,
				2882FD001DB22BAD001E0786 /* Resources */,
				C2CB42118549FDCDFE0294B1 /* [CP] Copy Pods Resources */,
			);
			buildRules = (
			);
			dependencies = (
				2882FD041DB22BAD001E0786 /* PBXTargetDependency */,
			);
			name = "MyDorm-BetaUITests";
			productName = "MyDorm-BetaUITests";
			productReference = 2882FD021DB22BAD001E0786 /* MyDorm-BetaUITests.xctest */;
			productType = "com.apple.product-type.bundle.ui-testing";
		};
/* End PBXNativeTarget section */

/* Begin PBXProject section */
		2882FCD81DB22BAD001E0786 /* Project object */ = {
			isa = PBXProject;
			attributes = {
				LastSwiftUpdateCheck = 0800;
				LastUpgradeCheck = 0800;
				ORGANIZATIONNAME = "Yosvani Lopez";
				TargetAttributes = {
					2882FCDF1DB22BAD001E0786 = {
						CreatedOnToolsVersion = 8.0;
						DevelopmentTeam = DPY5934975;
						ProvisioningStyle = Automatic;
						SystemCapabilities = {
							com.apple.Keychain = {
								enabled = 1;
							};
						};
					};
					2882FCF61DB22BAD001E0786 = {
						CreatedOnToolsVersion = 8.0;
						DevelopmentTeam = DPY5934975;
						ProvisioningStyle = Automatic;
						TestTargetID = 2882FCDF1DB22BAD001E0786;
					};
					2882FD011DB22BAD001E0786 = {
						CreatedOnToolsVersion = 8.0;
						DevelopmentTeam = DPY5934975;
						ProvisioningStyle = Automatic;
						TestTargetID = 2882FCDF1DB22BAD001E0786;
					};
				};
			};
			buildConfigurationList = 2882FCDB1DB22BAD001E0786 /* Build configuration list for PBXProject "MyDorm-Beta" */;
			compatibilityVersion = "Xcode 3.2";
			developmentRegion = English;
			hasScannedForEncodings = 0;
			knownRegions = (
				en,
				Base,
			);
			mainGroup = 2882FCD71DB22BAD001E0786;
			productRefGroup = 2882FCE11DB22BAD001E0786 /* Products */;
			projectDirPath = "";
			projectRoot = "";
			targets = (
				2882FCDF1DB22BAD001E0786 /* MyDorm-Beta */,
				2882FCF61DB22BAD001E0786 /* MyDorm-BetaTests */,
				2882FD011DB22BAD001E0786 /* MyDorm-BetaUITests */,
			);
		};
/* End PBXProject section */

/* Begin PBXResourcesBuildPhase section */
		2882FCDE1DB22BAD001E0786 /* Resources */ = {
			isa = PBXResourcesBuildPhase;
			buildActionMask = 2147483647;
			files = (
				2882FCF11DB22BAD001E0786 /* LaunchScreen.storyboard in Resources */,
				28D0D0BD1DCA9D43008E909F /* Bibliography in Resources */,
				2882FCEE1DB22BAD001E0786 /* Assets.xcassets in Resources */,
				28E07E681E1A523C00AB20DB /* Possible Reintroduction Code in Resources */,
				2882FCE91DB22BAD001E0786 /* Main.storyboard in Resources */,
				288E83141DEBEAB8001BB607 /* GoogleService-Info.plist in Resources */,
			);
			runOnlyForDeploymentPostprocessing = 0;
		};
		2882FCF51DB22BAD001E0786 /* Resources */ = {
			isa = PBXResourcesBuildPhase;
			buildActionMask = 2147483647;
			files = (
			);
			runOnlyForDeploymentPostprocessing = 0;
		};
		2882FD001DB22BAD001E0786 /* Resources */ = {
			isa = PBXResourcesBuildPhase;
			buildActionMask = 2147483647;
			files = (
			);
			runOnlyForDeploymentPostprocessing = 0;
		};
/* End PBXResourcesBuildPhase section */

/* Begin PBXShellScriptBuildPhase section */
		3CA765BF7008B3BBFD2AE74F /* [CP] Check Pods Manifest.lock */ = {
			isa = PBXShellScriptBuildPhase;
			buildActionMask = 2147483647;
			files = (
			);
			inputPaths = (
			);
			name = "[CP] Check Pods Manifest.lock";
			outputPaths = (
			);
			runOnlyForDeploymentPostprocessing = 0;
			shellPath = /bin/sh;
			shellScript = "diff \"${PODS_ROOT}/../Podfile.lock\" \"${PODS_ROOT}/Manifest.lock\" > /dev/null\nif [[ $? != 0 ]] ; then\n    cat << EOM\nerror: The sandbox is not in sync with the Podfile.lock. Run 'pod install' or update your CocoaPods installation.\nEOM\n    exit 1\nfi\n";
			showEnvVarsInLog = 0;
		};
		6A3CDC0489EC634850694AD5 /* [CP] Check Pods Manifest.lock */ = {
			isa = PBXShellScriptBuildPhase;
			buildActionMask = 2147483647;
			files = (
			);
			inputPaths = (
			);
			name = "[CP] Check Pods Manifest.lock";
			outputPaths = (
			);
			runOnlyForDeploymentPostprocessing = 0;
			shellPath = /bin/sh;
			shellScript = "diff \"${PODS_ROOT}/../Podfile.lock\" \"${PODS_ROOT}/Manifest.lock\" > /dev/null\nif [[ $? != 0 ]] ; then\n    cat << EOM\nerror: The sandbox is not in sync with the Podfile.lock. Run 'pod install' or update your CocoaPods installation.\nEOM\n    exit 1\nfi\n";
			showEnvVarsInLog = 0;
		};
		819A670FA715CCF93DAA46AA /* [CP] Embed Pods Frameworks */ = {
			isa = PBXShellScriptBuildPhase;
			buildActionMask = 2147483647;
			files = (
			);
			inputPaths = (
			);
			name = "[CP] Embed Pods Frameworks";
			outputPaths = (
			);
			runOnlyForDeploymentPostprocessing = 0;
			shellPath = /bin/sh;
			shellScript = "\"${SRCROOT}/Pods/Target Support Files/Pods-MyDorm-BetaTests/Pods-MyDorm-BetaTests-frameworks.sh\"\n";
			showEnvVarsInLog = 0;
		};
		8EDFFA2FBEB6FC0859A8CEAF /* [CP] Copy Pods Resources */ = {
			isa = PBXShellScriptBuildPhase;
			buildActionMask = 2147483647;
			files = (
			);
			inputPaths = (
			);
			name = "[CP] Copy Pods Resources";
			outputPaths = (
			);
			runOnlyForDeploymentPostprocessing = 0;
			shellPath = /bin/sh;
			shellScript = "\"${SRCROOT}/Pods/Target Support Files/Pods-MyDorm-BetaTests/Pods-MyDorm-BetaTests-resources.sh\"\n";
			showEnvVarsInLog = 0;
		};
		B2897E6485190FA50E628A55 /* [CP] Copy Pods Resources */ = {
			isa = PBXShellScriptBuildPhase;
			buildActionMask = 2147483647;
			files = (
			);
			inputPaths = (
			);
			name = "[CP] Copy Pods Resources";
			outputPaths = (
			);
			runOnlyForDeploymentPostprocessing = 0;
			shellPath = /bin/sh;
			shellScript = "\"${SRCROOT}/Pods/Target Support Files/Pods-MyDorm-Beta/Pods-MyDorm-Beta-resources.sh\"\n";
			showEnvVarsInLog = 0;
		};
		C28496FF20D99FD59E42E687 /* [CP] Embed Pods Frameworks */ = {
			isa = PBXShellScriptBuildPhase;
			buildActionMask = 2147483647;
			files = (
			);
			inputPaths = (
			);
			name = "[CP] Embed Pods Frameworks";
			outputPaths = (
			);
			runOnlyForDeploymentPostprocessing = 0;
			shellPath = /bin/sh;
			shellScript = "\"${SRCROOT}/Pods/Target Support Files/Pods-MyDorm-Beta/Pods-MyDorm-Beta-frameworks.sh\"\n";
			showEnvVarsInLog = 0;
		};
		C2CB42118549FDCDFE0294B1 /* [CP] Copy Pods Resources */ = {
			isa = PBXShellScriptBuildPhase;
			buildActionMask = 2147483647;
			files = (
			);
			inputPaths = (
			);
			name = "[CP] Copy Pods Resources";
			outputPaths = (
			);
			runOnlyForDeploymentPostprocessing = 0;
			shellPath = /bin/sh;
			shellScript = "\"${SRCROOT}/Pods/Target Support Files/Pods-MyDorm-BetaUITests/Pods-MyDorm-BetaUITests-resources.sh\"\n";
			showEnvVarsInLog = 0;
		};
		D5F77C282D599F5726827366 /* [CP] Check Pods Manifest.lock */ = {
			isa = PBXShellScriptBuildPhase;
			buildActionMask = 2147483647;
			files = (
			);
			inputPaths = (
			);
			name = "[CP] Check Pods Manifest.lock";
			outputPaths = (
			);
			runOnlyForDeploymentPostprocessing = 0;
			shellPath = /bin/sh;
			shellScript = "diff \"${PODS_ROOT}/../Podfile.lock\" \"${PODS_ROOT}/Manifest.lock\" > /dev/null\nif [[ $? != 0 ]] ; then\n    cat << EOM\nerror: The sandbox is not in sync with the Podfile.lock. Run 'pod install' or update your CocoaPods installation.\nEOM\n    exit 1\nfi\n";
			showEnvVarsInLog = 0;
		};
/* End PBXShellScriptBuildPhase section */

/* Begin PBXSourcesBuildPhase section */
		2882FCDC1DB22BAD001E0786 /* Sources */ = {
			isa = PBXSourcesBuildPhase;
			buildActionMask = 2147483647;
			files = (
				28A3C07B1E1DB529003D3223 /* MessageChannelVC.swift in Sources */,
				28C725571DB6C29600EBB9F3 /* StorableObject.swift in Sources */,
				28F0FC881DFB39E5007F7993 /* LocationSelectionVC.swift in Sources */,
				2846DFB81E1C737600BA7863 /* LocationSearchTVC.swift in Sources */,
				2866BEF11DCFB5BC00FF23B2 /* StorageOptionCell.swift in Sources */,
				28F0FC9C1DFCD14F007F7993 /* SellerAdditionalDetailsVC.swift in Sources */,
				28F0FC901DFC86FD007F7993 /* UIExtensions.swift in Sources */,
				28F0FCA01DFE4396007F7993 /* AddressSearchVC.swift in Sources */,
				2842E4A11DD251E600156A1D /* SelectTimeVC.swift in Sources */,
				28F0FC861DFA5630007F7993 /* MaterialView.swift in Sources */,
				2866BEE91DCEB92100FF23B2 /* StorageCompany.swift in Sources */,
				28C7255F1DB709C600EBB9F3 /* Order.swift in Sources */,
				2882FCE41DB22BAD001E0786 /* AppDelegate.swift in Sources */,
				28C725511DB6B0D400EBB9F3 /* CalenderVC.swift in Sources */,
				288E83161DED6331001BB607 /* RoundedImage.swift in Sources */,
				28C725551DB6BE0600EBB9F3 /* MovingDataInputVC.swift in Sources */,
				28C725B61DBCA14100EBB9F3 /* Constants.swift in Sources */,
				28D77C601E090E6C0086D5D5 /* PreviewListingVC.swift in Sources */,
				2842E49F1DD1915500156A1D /* DateTime.swift in Sources */,
				2846DFB61E1BA23600BA7863 /* HomeScreenVC.swift in Sources */,
				2842E4A31DD273A800156A1D /* IndividualPriceDisplayVC.swift in Sources */,
				28C725661DB7129000EBB9F3 /* RoundedButton.swift in Sources */,
				28D0D0BB1DCA9AF3008E909F /* PriceDisplayVC.swift in Sources */,
				28C725B41DBC98FD00EBB9F3 /* DataService.swift in Sources */,
				28F0FCA51DFE4CD1007F7993 /* StandardTextCell.swift in Sources */,
				28A5A13D1DCA6EE2001060B1 /* ObjectListVC.swift in Sources */,
				28D0D0C31DCB00C7008E909F /* SelectedObjectCell.swift in Sources */,
				2842E4AB1DDA91E300156A1D /* CASLoginVC.swift in Sources */,
				28F0FC9A1DFCB5E5007F7993 /* SellerBasicInfoVC.swift in Sources */,
				28F0FC9E1DFCD1EF007F7993 /* Listing.swift in Sources */,
				28F0FC8A1DFB562B007F7993 /* StandardFormCell.swift in Sources */,
				2866BEF51DCFCC3000FF23B2 /* IndividualPriceCell.swift in Sources */,
				2882FCEC1DB22BAD001E0786 /* MyDorm_Beta.xcdatamodeld in Sources */,
				28C7255B1DB6CAD000EBB9F3 /* SuggestionCell.swift in Sources */,
				28C725611DB70B0200EBB9F3 /* User.swift in Sources */,
				28C725B81DBCA24400EBB9F3 /* SignUpVC.swift in Sources */,
			);
			runOnlyForDeploymentPostprocessing = 0;
		};
		2882FCF31DB22BAD001E0786 /* Sources */ = {
			isa = PBXSourcesBuildPhase;
			buildActionMask = 2147483647;
			files = (
				2882FCFC1DB22BAD001E0786 /* MyDorm_BetaTests.swift in Sources */,
			);
			runOnlyForDeploymentPostprocessing = 0;
		};
		2882FCFE1DB22BAD001E0786 /* Sources */ = {
			isa = PBXSourcesBuildPhase;
			buildActionMask = 2147483647;
			files = (
				2842E49D1DD184CA00156A1D /* CalenderVC.swift in Sources */,
				2882FD071DB22BAD001E0786 /* MyDorm_BetaUITests.swift in Sources */,
			);
			runOnlyForDeploymentPostprocessing = 0;
		};
/* End PBXSourcesBuildPhase section */

/* Begin PBXTargetDependency section */
		2882FCF91DB22BAD001E0786 /* PBXTargetDependency */ = {
			isa = PBXTargetDependency;
			target = 2882FCDF1DB22BAD001E0786 /* MyDorm-Beta */;
			targetProxy = 2882FCF81DB22BAD001E0786 /* PBXContainerItemProxy */;
		};
		2882FD041DB22BAD001E0786 /* PBXTargetDependency */ = {
			isa = PBXTargetDependency;
			target = 2882FCDF1DB22BAD001E0786 /* MyDorm-Beta */;
			targetProxy = 2882FD031DB22BAD001E0786 /* PBXContainerItemProxy */;
		};
/* End PBXTargetDependency section */

/* Begin PBXVariantGroup section */
		2882FCE71DB22BAD001E0786 /* Main.storyboard */ = {
			isa = PBXVariantGroup;
			children = (
				2882FCE81DB22BAD001E0786 /* Base */,
			);
			name = Main.storyboard;
			sourceTree = "<group>";
		};
		2882FCEF1DB22BAD001E0786 /* LaunchScreen.storyboard */ = {
			isa = PBXVariantGroup;
			children = (
				2882FCF01DB22BAD001E0786 /* Base */,
			);
			name = LaunchScreen.storyboard;
			sourceTree = "<group>";
		};
/* End PBXVariantGroup section */

/* Begin XCBuildConfiguration section */
		2882FD091DB22BAD001E0786 /* Debug */ = {
			isa = XCBuildConfiguration;
			buildSettings = {
				ALWAYS_SEARCH_USER_PATHS = NO;
				CLANG_ANALYZER_NONNULL = YES;
				CLANG_CXX_LANGUAGE_STANDARD = "gnu++0x";
				CLANG_CXX_LIBRARY = "libc++";
				CLANG_ENABLE_MODULES = YES;
				CLANG_ENABLE_OBJC_ARC = YES;
				CLANG_WARN_BOOL_CONVERSION = YES;
				CLANG_WARN_CONSTANT_CONVERSION = YES;
				CLANG_WARN_DIRECT_OBJC_ISA_USAGE = YES_ERROR;
				CLANG_WARN_DOCUMENTATION_COMMENTS = YES;
				CLANG_WARN_EMPTY_BODY = YES;
				CLANG_WARN_ENUM_CONVERSION = YES;
				CLANG_WARN_INFINITE_RECURSION = YES;
				CLANG_WARN_INT_CONVERSION = YES;
				CLANG_WARN_OBJC_ROOT_CLASS = YES_ERROR;
				CLANG_WARN_SUSPICIOUS_MOVE = YES;
				CLANG_WARN_SUSPICIOUS_MOVES = YES;
				CLANG_WARN_UNREACHABLE_CODE = YES;
				CLANG_WARN__DUPLICATE_METHOD_MATCH = YES;
				"CODE_SIGN_IDENTITY[sdk=iphoneos*]" = "iPhone Developer";
				COPY_PHASE_STRIP = NO;
				DEBUG_INFORMATION_FORMAT = dwarf;
				ENABLE_STRICT_OBJC_MSGSEND = YES;
				ENABLE_TESTABILITY = YES;
				GCC_C_LANGUAGE_STANDARD = gnu99;
				GCC_DYNAMIC_NO_PIC = NO;
				GCC_NO_COMMON_BLOCKS = YES;
				GCC_OPTIMIZATION_LEVEL = 0;
				GCC_PREPROCESSOR_DEFINITIONS = (
					"DEBUG=1",
					"$(inherited)",
				);
				GCC_WARN_64_TO_32_BIT_CONVERSION = YES;
				GCC_WARN_ABOUT_RETURN_TYPE = YES_ERROR;
				GCC_WARN_UNDECLARED_SELECTOR = YES;
				GCC_WARN_UNINITIALIZED_AUTOS = YES_AGGRESSIVE;
				GCC_WARN_UNUSED_FUNCTION = YES;
				GCC_WARN_UNUSED_VARIABLE = YES;
				IPHONEOS_DEPLOYMENT_TARGET = 10.0;
				MTL_ENABLE_DEBUG_INFO = YES;
				ONLY_ACTIVE_ARCH = YES;
				SDKROOT = iphoneos;
				SWIFT_ACTIVE_COMPILATION_CONDITIONS = DEBUG;
				SWIFT_OBJC_BRIDGING_HEADER = "";
				SWIFT_OPTIMIZATION_LEVEL = "-Onone";
				SWIFT_VERSION = "";
			};
			name = Debug;
		};
		2882FD0A1DB22BAD001E0786 /* Release */ = {
			isa = XCBuildConfiguration;
			buildSettings = {
				ALWAYS_SEARCH_USER_PATHS = NO;
				CLANG_ANALYZER_NONNULL = YES;
				CLANG_CXX_LANGUAGE_STANDARD = "gnu++0x";
				CLANG_CXX_LIBRARY = "libc++";
				CLANG_ENABLE_MODULES = YES;
				CLANG_ENABLE_OBJC_ARC = YES;
				CLANG_WARN_BOOL_CONVERSION = YES;
				CLANG_WARN_CONSTANT_CONVERSION = YES;
				CLANG_WARN_DIRECT_OBJC_ISA_USAGE = YES_ERROR;
				CLANG_WARN_DOCUMENTATION_COMMENTS = YES;
				CLANG_WARN_EMPTY_BODY = YES;
				CLANG_WARN_ENUM_CONVERSION = YES;
				CLANG_WARN_INFINITE_RECURSION = YES;
				CLANG_WARN_INT_CONVERSION = YES;
				CLANG_WARN_OBJC_ROOT_CLASS = YES_ERROR;
				CLANG_WARN_SUSPICIOUS_MOVE = YES;
				CLANG_WARN_SUSPICIOUS_MOVES = YES;
				CLANG_WARN_UNREACHABLE_CODE = YES;
				CLANG_WARN__DUPLICATE_METHOD_MATCH = YES;
				"CODE_SIGN_IDENTITY[sdk=iphoneos*]" = "iPhone Developer";
				COPY_PHASE_STRIP = NO;
				DEBUG_INFORMATION_FORMAT = "dwarf-with-dsym";
				ENABLE_NS_ASSERTIONS = NO;
				ENABLE_STRICT_OBJC_MSGSEND = YES;
				GCC_C_LANGUAGE_STANDARD = gnu99;
				GCC_NO_COMMON_BLOCKS = YES;
				GCC_WARN_64_TO_32_BIT_CONVERSION = YES;
				GCC_WARN_ABOUT_RETURN_TYPE = YES_ERROR;
				GCC_WARN_UNDECLARED_SELECTOR = YES;
				GCC_WARN_UNINITIALIZED_AUTOS = YES_AGGRESSIVE;
				GCC_WARN_UNUSED_FUNCTION = YES;
				GCC_WARN_UNUSED_VARIABLE = YES;
				IPHONEOS_DEPLOYMENT_TARGET = 10.0;
				MTL_ENABLE_DEBUG_INFO = NO;
				SDKROOT = iphoneos;
				SWIFT_OBJC_BRIDGING_HEADER = "";
				SWIFT_OPTIMIZATION_LEVEL = "-Owholemodule";
				SWIFT_VERSION = "";
				VALIDATE_PRODUCT = YES;
			};
			name = Release;
		};
		2882FD0C1DB22BAD001E0786 /* Debug */ = {
			isa = XCBuildConfiguration;
			baseConfigurationReference = 49F62F552708ED1955D89A73 /* Pods-MyDorm-Beta.debug.xcconfig */;
			buildSettings = {
				ASSETCATALOG_COMPILER_APPICON_NAME = AppIcon;
				CODE_SIGN_ENTITLEMENTS = "MyDorm-Beta/MyDorm-Beta.entitlements";
				CODE_SIGN_IDENTITY = "iPhone Developer";
				"CODE_SIGN_IDENTITY[sdk=iphoneos*]" = "iPhone Developer";
				DEVELOPMENT_TEAM = DPY5934975;
				INFOPLIST_FILE = "MyDorm-Beta/Info.plist";
				LD_RUNPATH_SEARCH_PATHS = "$(inherited) @executable_path/Frameworks";
				PRODUCT_BUNDLE_IDENTIFIER = "Yosvani.MyDorm-Beta";
				PRODUCT_NAME = "$(TARGET_NAME)";
				SWIFT_OPTIMIZATION_LEVEL = "-O";
				SWIFT_VERSION = 3.0;
			};
			name = Debug;
		};
		2882FD0D1DB22BAD001E0786 /* Release */ = {
			isa = XCBuildConfiguration;
			baseConfigurationReference = 7ACFF18EF3501F502E690512 /* Pods-MyDorm-Beta.release.xcconfig */;
			buildSettings = {
				ASSETCATALOG_COMPILER_APPICON_NAME = AppIcon;
				CODE_SIGN_ENTITLEMENTS = "MyDorm-Beta/MyDorm-Beta.entitlements";
				CODE_SIGN_IDENTITY = "iPhone Developer";
				"CODE_SIGN_IDENTITY[sdk=iphoneos*]" = "iPhone Developer";
				DEVELOPMENT_TEAM = DPY5934975;
				INFOPLIST_FILE = "MyDorm-Beta/Info.plist";
				LD_RUNPATH_SEARCH_PATHS = "$(inherited) @executable_path/Frameworks";
				PRODUCT_BUNDLE_IDENTIFIER = "Yosvani.MyDorm-Beta";
				PRODUCT_NAME = "$(TARGET_NAME)";
				SWIFT_OPTIMIZATION_LEVEL = "-O";
				SWIFT_VERSION = 3.0;
			};
			name = Release;
		};
		2882FD0F1DB22BAD001E0786 /* Debug */ = {
			isa = XCBuildConfiguration;
			baseConfigurationReference = E5C53D10771AFF1758210413 /* Pods-MyDorm-BetaTests.debug.xcconfig */;
			buildSettings = {
				ALWAYS_EMBED_SWIFT_STANDARD_LIBRARIES = YES;
				BUNDLE_LOADER = "$(TEST_HOST)";
				DEVELOPMENT_TEAM = DPY5934975;
				INFOPLIST_FILE = "MyDorm-BetaTests/Info.plist";
				LD_RUNPATH_SEARCH_PATHS = "$(inherited) @executable_path/Frameworks @loader_path/Frameworks";
				PRODUCT_BUNDLE_IDENTIFIER = "Yosvani.MyDorm-BetaTests";
				PRODUCT_NAME = "$(TARGET_NAME)";
				SWIFT_VERSION = 3.0;
				TEST_HOST = "$(BUILT_PRODUCTS_DIR)/MyDorm-Beta.app/MyDorm-Beta";
			};
			name = Debug;
		};
		2882FD101DB22BAD001E0786 /* Release */ = {
			isa = XCBuildConfiguration;
			baseConfigurationReference = 686E213B3FB455851AE85874 /* Pods-MyDorm-BetaTests.release.xcconfig */;
			buildSettings = {
				ALWAYS_EMBED_SWIFT_STANDARD_LIBRARIES = YES;
				BUNDLE_LOADER = "$(TEST_HOST)";
				DEVELOPMENT_TEAM = DPY5934975;
				INFOPLIST_FILE = "MyDorm-BetaTests/Info.plist";
				LD_RUNPATH_SEARCH_PATHS = "$(inherited) @executable_path/Frameworks @loader_path/Frameworks";
				PRODUCT_BUNDLE_IDENTIFIER = "Yosvani.MyDorm-BetaTests";
				PRODUCT_NAME = "$(TARGET_NAME)";
				SWIFT_VERSION = 3.0;
				TEST_HOST = "$(BUILT_PRODUCTS_DIR)/MyDorm-Beta.app/MyDorm-Beta";
			};
			name = Release;
		};
		2882FD121DB22BAD001E0786 /* Debug */ = {
			isa = XCBuildConfiguration;
			baseConfigurationReference = 2C95D88456841E217FE7D49D /* Pods-MyDorm-BetaUITests.debug.xcconfig */;
			buildSettings = {
				ALWAYS_EMBED_SWIFT_STANDARD_LIBRARIES = YES;
				CODE_SIGN_IDENTITY = "iPhone Developer";
				"CODE_SIGN_IDENTITY[sdk=iphoneos*]" = "iPhone Developer";
				DEVELOPMENT_TEAM = DPY5934975;
				INFOPLIST_FILE = "MyDorm-BetaUITests/Info.plist";
				LD_RUNPATH_SEARCH_PATHS = "$(inherited) @executable_path/Frameworks @loader_path/Frameworks";
				PRODUCT_BUNDLE_IDENTIFIER = "Yosvani.MyDorm-BetaUITests";
				PRODUCT_NAME = "$(TARGET_NAME)";
				SWIFT_VERSION = 3.0;
				TEST_TARGET_NAME = "MyDorm-Beta";
			};
			name = Debug;
		};
		2882FD131DB22BAD001E0786 /* Release */ = {
			isa = XCBuildConfiguration;
			baseConfigurationReference = 8A047DA66C1E29D8CA8B6694 /* Pods-MyDorm-BetaUITests.release.xcconfig */;
			buildSettings = {
				ALWAYS_EMBED_SWIFT_STANDARD_LIBRARIES = YES;
				CODE_SIGN_IDENTITY = "iPhone Developer";
				"CODE_SIGN_IDENTITY[sdk=iphoneos*]" = "iPhone Developer";
				DEVELOPMENT_TEAM = DPY5934975;
				INFOPLIST_FILE = "MyDorm-BetaUITests/Info.plist";
				LD_RUNPATH_SEARCH_PATHS = "$(inherited) @executable_path/Frameworks @loader_path/Frameworks";
				PRODUCT_BUNDLE_IDENTIFIER = "Yosvani.MyDorm-BetaUITests";
				PRODUCT_NAME = "$(TARGET_NAME)";
				SWIFT_VERSION = 3.0;
				TEST_TARGET_NAME = "MyDorm-Beta";
			};
			name = Release;
		};
/* End XCBuildConfiguration section */

/* Begin XCConfigurationList section */
		2882FCDB1DB22BAD001E0786 /* Build configuration list for PBXProject "MyDorm-Beta" */ = {
			isa = XCConfigurationList;
			buildConfigurations = (
				2882FD091DB22BAD001E0786 /* Debug */,
				2882FD0A1DB22BAD001E0786 /* Release */,
			);
			defaultConfigurationIsVisible = 0;
			defaultConfigurationName = Release;
		};
		2882FD0B1DB22BAD001E0786 /* Build configuration list for PBXNativeTarget "MyDorm-Beta" */ = {
			isa = XCConfigurationList;
			buildConfigurations = (
				2882FD0C1DB22BAD001E0786 /* Debug */,
				2882FD0D1DB22BAD001E0786 /* Release */,
			);
			defaultConfigurationIsVisible = 0;
			defaultConfigurationName = Release;
		};
		2882FD0E1DB22BAD001E0786 /* Build configuration list for PBXNativeTarget "MyDorm-BetaTests" */ = {
			isa = XCConfigurationList;
			buildConfigurations = (
				2882FD0F1DB22BAD001E0786 /* Debug */,
				2882FD101DB22BAD001E0786 /* Release */,
			);
			defaultConfigurationIsVisible = 0;
			defaultConfigurationName = Release;
		};
		2882FD111DB22BAD001E0786 /* Build configuration list for PBXNativeTarget "MyDorm-BetaUITests" */ = {
			isa = XCConfigurationList;
			buildConfigurations = (
				2882FD121DB22BAD001E0786 /* Debug */,
				2882FD131DB22BAD001E0786 /* Release */,
			);
			defaultConfigurationIsVisible = 0;
			defaultConfigurationName = Release;
		};
/* End XCConfigurationList section */

/* Begin XCVersionGroup section */
		2882FCEA1DB22BAD001E0786 /* MyDorm_Beta.xcdatamodeld */ = {
			isa = XCVersionGroup;
			children = (
				2882FCEB1DB22BAD001E0786 /* MyDorm_Beta.xcdatamodel */,
			);
			currentVersion = 2882FCEB1DB22BAD001E0786 /* MyDorm_Beta.xcdatamodel */;
			path = MyDorm_Beta.xcdatamodeld;
			sourceTree = "<group>";
			versionGroupType = wrapper.xcdatamodel;
		};
/* End XCVersionGroup section */
	};
	rootObject = 2882FCD81DB22BAD001E0786 /* Project object */;
}
